
Microsoft Visual Studio Solution File, Format Version 12.00
Project("{FAE04EC0-301F-11D3-BF4B-00C04F79EFBC}") = "ConsoleWordsUsageApp", "ConsoleWordsUsageApp\ConsoleWordsUsageApp.csproj", "{EB9795E6-8F7A-4C98-9333-E630D660E4CC}"
EndProject
Global
	GlobalSection(SolutionConfigurationPlatforms) = preSolution
		Debug|Any CPU = Debug|Any CPU
		Release|Any CPU = Release|Any CPU
	EndGlobalSection
	GlobalSection(ProjectConfigurationPlatforms) = postSolution
		{EB9795E6-8F7A-4C98-9333-E630D660E4CC}.Debug|Any CPU.ActiveCfg = Debug|Any CPU
		{EB9795E6-8F7A-4C98-9333-E630D660E4CC}.Debug|Any CPU.Build.0 = Debug|Any CPU
		{EB9795E6-8F7A-4C98-9333-E630D660E4CC}.Release|Any CPU.ActiveCfg = Release|Any CPU
		{EB9795E6-8F7A-4C98-9333-E630D660E4CC}.Release|Any CPU.Build.0 = Release|Any CPU
	EndGlobalSection
EndGlobal
